{
  "name": "framework",
  "version": "0.0.1",
  "lockfileVersion": 1,
  "requires": true,
  "dependencies": {
    "common-toolkit": {
      "version": "0.1.3",
      "resolved": "https://registry.npmjs.org/common-toolkit/-/common-toolkit-0.1.3.tgz",
      "integrity": "sha512-EGxhIOETwfwe07PytZuT/4MK64T4mTFD4r+YeSfpv050SqCslkjOsiZX1MbDI/kB4RKIiflfQAmhlUCpH1a/ZQ=="
    }
  }
}
